
Microsoft Visual Studio Solution File, Format Version 12.00
# Visual Studio Version 17
VisualStudioVersion = 17.8.34525.116
MinimumVisualStudioVersion = 10.0.40219.1
Project("{FAE04EC0-301F-11D3-BF4B-00C04F79EFBC}") = "ConsoleAppFormasGeometricas", "ConsoleAppFormasGeometricas\ConsoleAppFormasGeometricas.csproj", "{F77AC52A-15AC-48EF-BC0E-5788A2BE1E77}"
EndProject
Global
	GlobalSection(SolutionConfigurationPlatforms) = preSolution
		Debug|Any CPU = Debug|Any CPU
		Release|Any CPU = Release|Any CPU
	EndGlobalSection
	GlobalSection(ProjectConfigurationPlatforms) = postSolution
		{F77AC52A-15AC-48EF-BC0E-5788A2BE1E77}.Debug|Any CPU.ActiveCfg = Debug|Any CPU
		{F77AC52A-15AC-48EF-BC0E-5788A2BE1E77}.Debug|Any CPU.Build.0 = Debug|Any CPU
		{F77AC52A-15AC-48EF-BC0E-5788A2BE1E77}.Release|Any CPU.ActiveCfg = Release|Any CPU
		{F77AC52A-15AC-48EF-BC0E-5788A2BE1E77}.Release|Any CPU.Build.0 = Release|Any CPU
	EndGlobalSection
	GlobalSection(SolutionProperties) = preSolution
		HideSolutionNode = FALSE
	EndGlobalSection
	GlobalSection(ExtensibilityGlobals) = postSolution
		SolutionGuid = {A3B443A4-5429-4BBD-87AE-63FE4372FCB9}
	EndGlobalSection
EndGlobal
